
Microsoft Visual Studio Solution File, Format Version 12.00
# Visual Studio Version 17
VisualStudioVersion = 17.4.33213.308
MinimumVisualStudioVersion = 10.0.40219.1
Project("{9A19103F-16F7-4668-BE54-9A1E7A4F7556}") = "CQRS-poc", "CQRS-poc\CQRS-poc.csproj", "{39BD78BE-C177-4908-ABC2-CD0EE8AA90E4}"
EndProject
Project("{FAE04EC0-301F-11D3-BF4B-00C04F79EFBC}") = "CQRS-poc.Commands", "CQRS-poc.Commands\CQRS-poc.Commands.csproj", "{8436BB6A-1879-4476-A76F-283D6A1B8D82}"
EndProject
Project("{FAE04EC0-301F-11D3-BF4B-00C04F79EFBC}") = "CQRS-poc.Queries", "CQRS-poc.Queries\CQRS-poc.Queries.csproj", "{D7B2EFCB-1EA0-43AC-A5B0-2C920643F9DA}"
EndProject
Project("{FAE04EC0-301F-11D3-BF4B-00C04F79EFBC}") = "CQRS-poc.Infra.Sqlite", "CQRS-poc.Infra.Sqlite\CQRS-poc.Infra.Sqlite.csproj", "{0D03EDA4-0954-41AC-9370-11638110AF38}"
EndProject
Project("{FAE04EC0-301F-11D3-BF4B-00C04F79EFBC}") = "CQRS-poc.Domain", "CQRS-poc.Domain\CQRS-poc.Domain.csproj", "{B16805F9-764E-4C70-BA1E-745579BE913B}"
EndProject
Global
	GlobalSection(SolutionConfigurationPlatforms) = preSolution
		Debug|Any CPU = Debug|Any CPU
		Release|Any CPU = Release|Any CPU
	EndGlobalSection
	GlobalSection(ProjectConfigurationPlatforms) = postSolution
		{39BD78BE-C177-4908-ABC2-CD0EE8AA90E4}.Debug|Any CPU.ActiveCfg = Debug|Any CPU
		{39BD78BE-C177-4908-ABC2-CD0EE8AA90E4}.Debug|Any CPU.Build.0 = Debug|Any CPU
		{39BD78BE-C177-4908-ABC2-CD0EE8AA90E4}.Release|Any CPU.ActiveCfg = Release|Any CPU
		{39BD78BE-C177-4908-ABC2-CD0EE8AA90E4}.Release|Any CPU.Build.0 = Release|Any CPU
		{8436BB6A-1879-4476-A76F-283D6A1B8D82}.Debug|Any CPU.ActiveCfg = Debug|Any CPU
		{8436BB6A-1879-4476-A76F-283D6A1B8D82}.Debug|Any CPU.Build.0 = Debug|Any CPU
		{8436BB6A-1879-4476-A76F-283D6A1B8D82}.Release|Any CPU.ActiveCfg = Release|Any CPU
		{8436BB6A-1879-4476-A76F-283D6A1B8D82}.Release|Any CPU.Build.0 = Release|Any CPU
		{D7B2EFCB-1EA0-43AC-A5B0-2C920643F9DA}.Debug|Any CPU.ActiveCfg = Debug|Any CPU
		{D7B2EFCB-1EA0-43AC-A5B0-2C920643F9DA}.Debug|Any CPU.Build.0 = Debug|Any CPU
		{D7B2EFCB-1EA0-43AC-A5B0-2C920643F9DA}.Release|Any CPU.ActiveCfg = Release|Any CPU
		{D7B2EFCB-1EA0-43AC-A5B0-2C920643F9DA}.Release|Any CPU.Build.0 = Release|Any CPU
		{0D03EDA4-0954-41AC-9370-11638110AF38}.Debug|Any CPU.ActiveCfg = Debug|Any CPU
		{0D03EDA4-0954-41AC-9370-11638110AF38}.Debug|Any CPU.Build.0 = Debug|Any CPU
		{0D03EDA4-0954-41AC-9370-11638110AF38}.Release|Any CPU.ActiveCfg = Release|Any CPU
		{0D03EDA4-0954-41AC-9370-11638110AF38}.Release|Any CPU.Build.0 = Release|Any CPU
		{B16805F9-764E-4C70-BA1E-745579BE913B}.Debug|Any CPU.ActiveCfg = Debug|Any CPU
		{B16805F9-764E-4C70-BA1E-745579BE913B}.Debug|Any CPU.Build.0 = Debug|Any CPU
		{B16805F9-764E-4C70-BA1E-745579BE913B}.Release|Any CPU.ActiveCfg = Release|Any CPU
		{B16805F9-764E-4C70-BA1E-745579BE913B}.Release|Any CPU.Build.0 = Release|Any CPU
	EndGlobalSection
	GlobalSection(SolutionProperties) = preSolution
		HideSolutionNode = FALSE
	EndGlobalSection
	GlobalSection(ExtensibilityGlobals) = postSolution
		SolutionGuid = {4F49C1A1-6DDA-4384-B8BB-19CCC8E4683F}
	EndGlobalSection
EndGlobal
